
Microsoft Visual Studio Solution File, Format Version 12.00
# Visual Studio Version 17
VisualStudioVersion = 17.4.33213.308
MinimumVisualStudioVersion = 10.0.40219.1
Project("{FAE04EC0-301F-11D3-BF4B-00C04F79EFBC}") = "WSUniversalLib", "WSUniversalLib\WSUniversalLib.csproj", "{DDE8B005-4C49-4615-B20E-9A788CB10E38}"
EndProject
Project("{FAE04EC0-301F-11D3-BF4B-00C04F79EFBC}") = "WSUniversalLibTests", "WSUniversalLibTests\WSUniversalLibTests.csproj", "{A88D5AD2-9E59-47E7-922A-3C6A62EAB24E}"
EndProject
Global
	GlobalSection(SolutionConfigurationPlatforms) = preSolution
		Debug|Any CPU = Debug|Any CPU
		Release|Any CPU = Release|Any CPU
	EndGlobalSection
	GlobalSection(ProjectConfigurationPlatforms) = postSolution
		{DDE8B005-4C49-4615-B20E-9A788CB10E38}.Debug|Any CPU.ActiveCfg = Debug|Any CPU
		{DDE8B005-4C49-4615-B20E-9A788CB10E38}.Debug|Any CPU.Build.0 = Debug|Any CPU
		{DDE8B005-4C49-4615-B20E-9A788CB10E38}.Release|Any CPU.ActiveCfg = Release|Any CPU
		{DDE8B005-4C49-4615-B20E-9A788CB10E38}.Release|Any CPU.Build.0 = Release|Any CPU
		{A88D5AD2-9E59-47E7-922A-3C6A62EAB24E}.Debug|Any CPU.ActiveCfg = Debug|Any CPU
		{A88D5AD2-9E59-47E7-922A-3C6A62EAB24E}.Debug|Any CPU.Build.0 = Debug|Any CPU
		{A88D5AD2-9E59-47E7-922A-3C6A62EAB24E}.Release|Any CPU.ActiveCfg = Release|Any CPU
		{A88D5AD2-9E59-47E7-922A-3C6A62EAB24E}.Release|Any CPU.Build.0 = Release|Any CPU
	EndGlobalSection
	GlobalSection(SolutionProperties) = preSolution
		HideSolutionNode = FALSE
	EndGlobalSection
	GlobalSection(ExtensibilityGlobals) = postSolution
		SolutionGuid = {541D59A5-FDA7-44EF-B8F4-000D5AEE9EDA}
	EndGlobalSection
EndGlobal
